
Microsoft Visual Studio Solution File, Format Version 12.00
# Visual Studio 15
VisualStudioVersion = 15.0.28307.572
MinimumVisualStudioVersion = 10.0.40219.1
Project("{FAE04EC0-301F-11D3-BF4B-00C04F79EFBC}") = "CurrencyParse", "CurrencyParse\CurrencyParse.csproj", "{D189D061-0ADE-4D12-9C09-E0C0D8A77991}"
EndProject
Global
	GlobalSection(SolutionConfigurationPlatforms) = preSolution
		Debug|Any CPU = Debug|Any CPU
		Release|Any CPU = Release|Any CPU
	EndGlobalSection
	GlobalSection(ProjectConfigurationPlatforms) = postSolution
		{D189D061-0ADE-4D12-9C09-E0C0D8A77991}.Debug|Any CPU.ActiveCfg = Debug|Any CPU
		{D189D061-0ADE-4D12-9C09-E0C0D8A77991}.Debug|Any CPU.Build.0 = Debug|Any CPU
		{D189D061-0ADE-4D12-9C09-E0C0D8A77991}.Release|Any CPU.ActiveCfg = Release|Any CPU
		{D189D061-0ADE-4D12-9C09-E0C0D8A77991}.Release|Any CPU.Build.0 = Release|Any CPU
	EndGlobalSection
	GlobalSection(SolutionProperties) = preSolution
		HideSolutionNode = FALSE
	EndGlobalSection
	GlobalSection(ExtensibilityGlobals) = postSolution
		SolutionGuid = {743FCDB3-DFD6-4A47-BD24-15B8E2C84D38}
	EndGlobalSection
EndGlobal
